
Microsoft Visual Studio Solution File, Format Version 12.00
# Visual Studio Version 17
VisualStudioVersion = 17.14.36603.0 d17.14
MinimumVisualStudioVersion = 10.0.40219.1
Project("{FAE04EC0-301F-11D3-BF4B-00C04F79EFBC}") = "lab_12_Hoomework", "lab_12_Hoomework\lab_12_Hoomework.csproj", "{564BCC63-29AC-4FA1-9701-8C016DC997A8}"
EndProject
Global
	GlobalSection(SolutionConfigurationPlatforms) = preSolution
		Debug|Any CPU = Debug|Any CPU
		Release|Any CPU = Release|Any CPU
	EndGlobalSection
	GlobalSection(ProjectConfigurationPlatforms) = postSolution
		{564BCC63-29AC-4FA1-9701-8C016DC997A8}.Debug|Any CPU.ActiveCfg = Debug|Any CPU
		{564BCC63-29AC-4FA1-9701-8C016DC997A8}.Debug|Any CPU.Build.0 = Debug|Any CPU
		{564BCC63-29AC-4FA1-9701-8C016DC997A8}.Release|Any CPU.ActiveCfg = Release|Any CPU
		{564BCC63-29AC-4FA1-9701-8C016DC997A8}.Release|Any CPU.Build.0 = Release|Any CPU
	EndGlobalSection
	GlobalSection(SolutionProperties) = preSolution
		HideSolutionNode = FALSE
	EndGlobalSection
	GlobalSection(ExtensibilityGlobals) = postSolution
		SolutionGuid = {F7646DF3-52E6-49F1-A368-FDFC677B02AB}
	EndGlobalSection
EndGlobal
